
Microsoft Visual Studio Solution File, Format Version 12.00
# Visual Studio Version 16
VisualStudioVersion = 16.0.31829.152
MinimumVisualStudioVersion = 10.0.40219.1
Project("{9A19103F-16F7-4668-BE54-9A1E7A4F7556}") = "MediaKid.AccesoADatos", "MediaKid.AccesoADatos\MediaKid.AccesoADatos.csproj", "{032C5344-B3F5-4497-87D3-ACFF19068973}"
EndProject
Project("{9A19103F-16F7-4668-BE54-9A1E7A4F7556}") = "MediaKid.EntidadesDeNegocio", "MediaKid.EntidadesDeNegocio\MediaKid.EntidadesDeNegocio.csproj", "{AB56A299-2913-4B7D-9751-9C3312518FA1}"
EndProject
Project("{9A19103F-16F7-4668-BE54-9A1E7A4F7556}") = "MediaKid.LogicaDeNegocio", "MediaKid.LogicaDeNegocio\MediaKid.LogicaDeNegocio.csproj", "{0C2FCDC2-18BC-43F9-BF68-AC2C66DD6E10}"
EndProject
Project("{9A19103F-16F7-4668-BE54-9A1E7A4F7556}") = "MediaKid.PruebasUnitarias", "MediaKid.PruebasUnitarias\MediaKid.PruebasUnitarias.csproj", "{C8760E77-47C5-4713-BA4F-6E6CE99C6FAB}"
EndProject
Project("{FAE04EC0-301F-11D3-BF4B-00C04F79EFBC}") = "Mediakid.APIWeb", "Mediakid.APIWeb\Mediakid.APIWeb.csproj", "{19BA0034-D9E8-4E1B-BAEF-38010D54526E}"
EndProject
Global
	GlobalSection(SolutionConfigurationPlatforms) = preSolution
		Debug|Any CPU = Debug|Any CPU
		Release|Any CPU = Release|Any CPU
	EndGlobalSection
	GlobalSection(ProjectConfigurationPlatforms) = postSolution
		{032C5344-B3F5-4497-87D3-ACFF19068973}.Debug|Any CPU.ActiveCfg = Debug|Any CPU
		{032C5344-B3F5-4497-87D3-ACFF19068973}.Debug|Any CPU.Build.0 = Debug|Any CPU
		{032C5344-B3F5-4497-87D3-ACFF19068973}.Release|Any CPU.ActiveCfg = Release|Any CPU
		{032C5344-B3F5-4497-87D3-ACFF19068973}.Release|Any CPU.Build.0 = Release|Any CPU
		{AB56A299-2913-4B7D-9751-9C3312518FA1}.Debug|Any CPU.ActiveCfg = Debug|Any CPU
		{AB56A299-2913-4B7D-9751-9C3312518FA1}.Debug|Any CPU.Build.0 = Debug|Any CPU
		{AB56A299-2913-4B7D-9751-9C3312518FA1}.Release|Any CPU.ActiveCfg = Release|Any CPU
		{AB56A299-2913-4B7D-9751-9C3312518FA1}.Release|Any CPU.Build.0 = Release|Any CPU
		{0C2FCDC2-18BC-43F9-BF68-AC2C66DD6E10}.Debug|Any CPU.ActiveCfg = Debug|Any CPU
		{0C2FCDC2-18BC-43F9-BF68-AC2C66DD6E10}.Debug|Any CPU.Build.0 = Debug|Any CPU
		{0C2FCDC2-18BC-43F9-BF68-AC2C66DD6E10}.Release|Any CPU.ActiveCfg = Release|Any CPU
		{0C2FCDC2-18BC-43F9-BF68-AC2C66DD6E10}.Release|Any CPU.Build.0 = Release|Any CPU
		{C8760E77-47C5-4713-BA4F-6E6CE99C6FAB}.Debug|Any CPU.ActiveCfg = Debug|Any CPU
		{C8760E77-47C5-4713-BA4F-6E6CE99C6FAB}.Debug|Any CPU.Build.0 = Debug|Any CPU
		{C8760E77-47C5-4713-BA4F-6E6CE99C6FAB}.Release|Any CPU.ActiveCfg = Release|Any CPU
		{C8760E77-47C5-4713-BA4F-6E6CE99C6FAB}.Release|Any CPU.Build.0 = Release|Any CPU
		{19BA0034-D9E8-4E1B-BAEF-38010D54526E}.Debug|Any CPU.ActiveCfg = Debug|Any CPU
		{19BA0034-D9E8-4E1B-BAEF-38010D54526E}.Debug|Any CPU.Build.0 = Debug|Any CPU
		{19BA0034-D9E8-4E1B-BAEF-38010D54526E}.Release|Any CPU.ActiveCfg = Release|Any CPU
		{19BA0034-D9E8-4E1B-BAEF-38010D54526E}.Release|Any CPU.Build.0 = Release|Any CPU
	EndGlobalSection
	GlobalSection(SolutionProperties) = preSolution
		HideSolutionNode = FALSE
	EndGlobalSection
	GlobalSection(ExtensibilityGlobals) = postSolution
		SolutionGuid = {DCF575BC-F336-4EF2-A44F-F652F4007FDB}
	EndGlobalSection
EndGlobal
